{
  "version": 4,
  "terraform_version": "1.12.2",
  "serial": 21,
  "lineage": "17667476-b134-8b0a-db01-74d81f9c8d7d",
  "outputs": {},
  "resources": [
    {
      "module": "module.nic_module",
      "mode": "managed",
      "type": "azurerm_network_interface",
      "name": "yoong-nic",
      "provider": "provider[\"registry.terraform.io/hashicorp/azurerm\"]",
      "instances": [
        {
          "schema_version": 0,
          "attributes": {
            "applied_dns_servers": [],
            "dns_servers": [],
            "enable_accelerated_networking": false,
            "enable_ip_forwarding": false,
            "id": "/subscriptions/fcd473df-8b37-4378-a156-19b7221e15d4/resourceGroups/yoong-resources/providers/Microsoft.Network/networkInterfaces/yoong-nic",
            "internal_dns_name_label": "",
            "internal_domain_name_suffix": "5momi2aa4vkuxecjk3n1ywxj0b.ix.internal.cloudapp.net",
            "ip_configuration": [
              {
                "gateway_load_balancer_frontend_ip_configuration_id": "",
                "name": "internal",
                "primary": true,
                "private_ip_address": "10.123.1.4",
                "private_ip_address_allocation": "Dynamic",
                "private_ip_address_version": "IPv4",
                "public_ip_address_id": "/subscriptions/fcd473df-8b37-4378-a156-19b7221e15d4/resourceGroups/yoong-resources/providers/Microsoft.Network/publicIPAddresses/yoong-public-ip",
                "subnet_id": "/subscriptions/fcd473df-8b37-4378-a156-19b7221e15d4/resourceGroups/yoong-resources/providers/Microsoft.Network/virtualNetworks/yoong-network/subnets/yoong-subnet-1"
              }
            ],
            "location": "southeastasia",
            "mac_address": "",
            "name": "yoong-nic",
            "private_ip_address": "10.123.1.4",
            "private_ip_addresses": [
              "10.123.1.4"
            ],
            "resource_group_name": "yoong-resources",
            "tags": {
              "environment": "dev"
            },
            "timeouts": null,
            "virtual_machine_id": ""
          },
          "sensitive_attributes": [],
          "identity_schema_version": 0,
          "private": "eyJlMmJmYjczMC1lY2FhLTExZTYtOGY4OC0zNDM2M2JjN2M0YzAiOnsiY3JlYXRlIjoxODAwMDAwMDAwMDAwLCJkZWxldGUiOjE4MDAwMDAwMDAwMDAsInJlYWQiOjMwMDAwMDAwMDAwMCwidXBkYXRlIjoxODAwMDAwMDAwMDAwfX0=",
          "dependencies": [
            "module.pubip_module.azurerm_public_ip.yoong-ip",
            "module.rg_module.azurerm_resource_group.yoong-rg",
            "module.subnet_module.azurerm_subnet.yoong-subnet-1",
            "module.vn_module.azurerm_virtual_network.yoong-vn"
          ]
        }
      ]
    },
    {
      "module": "module.pubip_module",
      "mode": "managed",
      "type": "azurerm_public_ip",
      "name": "yoong-ip",
      "provider": "provider[\"registry.terraform.io/hashicorp/azurerm\"]",
      "instances": [
        {
          "schema_version": 0,
          "attributes": {
            "allocation_method": "Static",
            "availability_zone": "Zone-Redundant",
            "domain_name_label": null,
            "fqdn": null,
            "id": "/subscriptions/fcd473df-8b37-4378-a156-19b7221e15d4/resourceGroups/yoong-resources/providers/Microsoft.Network/publicIPAddresses/yoong-public-ip",
            "idle_timeout_in_minutes": 4,
            "ip_address": "4.144.196.21",
            "ip_tags": {},
            "ip_version": "IPv4",
            "location": "southeastasia",
            "name": "yoong-public-ip",
            "public_ip_prefix_id": null,
            "resource_group_name": "yoong-resources",
            "reverse_fqdn": null,
            "sku": "Standard",
            "sku_tier": "Regional",
            "tags": {
              "environment": "dev"
            },
            "timeouts": null,
            "zones": []
          },
          "sensitive_attributes": [],
          "identity_schema_version": 0,
          "private": "eyJlMmJmYjczMC1lY2FhLTExZTYtOGY4OC0zNDM2M2JjN2M0YzAiOnsiY3JlYXRlIjoxODAwMDAwMDAwMDAwLCJkZWxldGUiOjE4MDAwMDAwMDAwMDAsInJlYWQiOjMwMDAwMDAwMDAwMCwidXBkYXRlIjoxODAwMDAwMDAwMDAwfX0=",
          "dependencies": [
            "module.rg_module.azurerm_resource_group.yoong-rg"
          ]
        }
      ]
    },
    {
      "module": "module.rg_module",
      "mode": "managed",
      "type": "azurerm_resource_group",
      "name": "yoong-rg",
      "provider": "provider[\"registry.terraform.io/hashicorp/azurerm\"]",
      "instances": [
        {
          "schema_version": 0,
          "attributes": {
            "id": "/subscriptions/fcd473df-8b37-4378-a156-19b7221e15d4/resourceGroups/yoong-resources",
            "location": "southeastasia",
            "name": "yoong-resources",
            "tags": {
              "environment": "dev"
            },
            "timeouts": null
          },
          "sensitive_attributes": [],
          "identity_schema_version": 0,
          "private": "eyJlMmJmYjczMC1lY2FhLTExZTYtOGY4OC0zNDM2M2JjN2M0YzAiOnsiY3JlYXRlIjo1NDAwMDAwMDAwMDAwLCJkZWxldGUiOjU0MDAwMDAwMDAwMDAsInJlYWQiOjMwMDAwMDAwMDAwMCwidXBkYXRlIjo1NDAwMDAwMDAwMDAwfX0="
        }
      ]
    },
    {
      "module": "module.sg_module",
      "mode": "managed",
      "type": "azurerm_network_security_group",
      "name": "yoong-sg",
      "provider": "provider[\"registry.terraform.io/hashicorp/azurerm\"]",
      "instances": [
        {
          "schema_version": 0,
          "attributes": {
            "id": "/subscriptions/fcd473df-8b37-4378-a156-19b7221e15d4/resourceGroups/yoong-resources/providers/Microsoft.Network/networkSecurityGroups/yoong-security-group",
            "location": "southeastasia",
            "name": "yoong-security-group",
            "resource_group_name": "yoong-resources",
            "security_rule": [
              {
                "access": "Allow",
                "description": "",
                "destination_address_prefix": "*",
                "destination_address_prefixes": [],
                "destination_application_security_group_ids": [],
                "destination_port_range": "*",
                "destination_port_ranges": [],
                "direction": "Inbound",
                "name": "yoong-dev-rule-1",
                "priority": 100,
                "protocol": "*",
                "source_address_prefix": "115.79.142.112/32",
                "source_address_prefixes": [],
                "source_application_security_group_ids": [],
                "source_port_range": "*",
                "source_port_ranges": []
              }
            ],
            "tags": {
              "environment": "dev"
            },
            "timeouts": null
          },
          "sensitive_attributes": [],
          "identity_schema_version": 0,
          "private": "eyJlMmJmYjczMC1lY2FhLTExZTYtOGY4OC0zNDM2M2JjN2M0YzAiOnsiY3JlYXRlIjoxODAwMDAwMDAwMDAwLCJkZWxldGUiOjE4MDAwMDAwMDAwMDAsInJlYWQiOjMwMDAwMDAwMDAwMCwidXBkYXRlIjoxODAwMDAwMDAwMDAwfX0=",
          "dependencies": [
            "module.rg_module.azurerm_resource_group.yoong-rg"
          ]
        }
      ]
    },
    {
      "module": "module.sg_module",
      "mode": "managed",
      "type": "azurerm_network_security_rule",
      "name": "yoong-sg-rule-1",
      "provider": "provider[\"registry.terraform.io/hashicorp/azurerm\"]",
      "instances": [
        {
          "schema_version": 0,
          "attributes": {
            "access": "Allow",
            "description": "",
            "destination_address_prefix": "*",
            "destination_address_prefixes": [],
            "destination_application_security_group_ids": [],
            "destination_port_range": "*",
            "destination_port_ranges": [],
            "direction": "Inbound",
            "id": "/subscriptions/fcd473df-8b37-4378-a156-19b7221e15d4/resourceGroups/yoong-resources/providers/Microsoft.Network/networkSecurityGroups/yoong-security-group/securityRules/yoong-dev-rule-1",
            "name": "yoong-dev-rule-1",
            "network_security_group_name": "yoong-security-group",
            "priority": 100,
            "protocol": "*",
            "resource_group_name": "yoong-resources",
            "source_address_prefix": "115.79.142.112/32",
            "source_address_prefixes": [],
            "source_application_security_group_ids": [],
            "source_port_range": "*",
            "source_port_ranges": [],
            "timeouts": null
          },
          "sensitive_attributes": [],
          "identity_schema_version": 0,
          "private": "eyJlMmJmYjczMC1lY2FhLTExZTYtOGY4OC0zNDM2M2JjN2M0YzAiOnsiY3JlYXRlIjoxODAwMDAwMDAwMDAwLCJkZWxldGUiOjE4MDAwMDAwMDAwMDAsInJlYWQiOjMwMDAwMDAwMDAwMCwidXBkYXRlIjoxODAwMDAwMDAwMDAwfX0=",
          "dependencies": [
            "module.rg_module.azurerm_resource_group.yoong-rg",
            "module.sg_module.azurerm_network_security_group.yoong-sg"
          ]
        }
      ]
    },
    {
      "module": "module.sg_module",
      "mode": "managed",
      "type": "azurerm_subnet_network_security_group_association",
      "name": "yoong-sga",
      "provider": "provider[\"registry.terraform.io/hashicorp/azurerm\"]",
      "instances": [
        {
          "schema_version": 0,
          "attributes": {
            "id": "/subscriptions/fcd473df-8b37-4378-a156-19b7221e15d4/resourceGroups/yoong-resources/providers/Microsoft.Network/virtualNetworks/yoong-network/subnets/yoong-subnet-1",
            "network_security_group_id": "/subscriptions/fcd473df-8b37-4378-a156-19b7221e15d4/resourceGroups/yoong-resources/providers/Microsoft.Network/networkSecurityGroups/yoong-security-group",
            "subnet_id": "/subscriptions/fcd473df-8b37-4378-a156-19b7221e15d4/resourceGroups/yoong-resources/providers/Microsoft.Network/virtualNetworks/yoong-network/subnets/yoong-subnet-1",
            "timeouts": null
          },
          "sensitive_attributes": [],
          "identity_schema_version": 0,
          "private": "eyJlMmJmYjczMC1lY2FhLTExZTYtOGY4OC0zNDM2M2JjN2M0YzAiOnsiY3JlYXRlIjoxODAwMDAwMDAwMDAwLCJkZWxldGUiOjE4MDAwMDAwMDAwMDAsInJlYWQiOjMwMDAwMDAwMDAwMCwidXBkYXRlIjoxODAwMDAwMDAwMDAwfX0=",
          "dependencies": [
            "module.rg_module.azurerm_resource_group.yoong-rg",
            "module.sg_module.azurerm_network_security_group.yoong-sg",
            "module.subnet_module.azurerm_subnet.yoong-subnet-1",
            "module.vn_module.azurerm_virtual_network.yoong-vn"
          ]
        }
      ]
    },
    {
      "module": "module.subnet_module",
      "mode": "managed",
      "type": "azurerm_subnet",
      "name": "yoong-subnet-1",
      "provider": "provider[\"registry.terraform.io/hashicorp/azurerm\"]",
      "instances": [
        {
          "schema_version": 0,
          "attributes": {
            "address_prefix": "10.123.1.0/24",
            "address_prefixes": [
              "10.123.1.0/24"
            ],
            "delegation": [],
            "enforce_private_link_endpoint_network_policies": false,
            "enforce_private_link_service_network_policies": false,
            "id": "/subscriptions/fcd473df-8b37-4378-a156-19b7221e15d4/resourceGroups/yoong-resources/providers/Microsoft.Network/virtualNetworks/yoong-network/subnets/yoong-subnet-1",
            "name": "yoong-subnet-1",
            "resource_group_name": "yoong-resources",
            "service_endpoint_policy_ids": [],
            "service_endpoints": [],
            "timeouts": null,
            "virtual_network_name": "yoong-network"
          },
          "sensitive_attributes": [],
          "identity_schema_version": 0,
          "private": "eyJlMmJmYjczMC1lY2FhLTExZTYtOGY4OC0zNDM2M2JjN2M0YzAiOnsiY3JlYXRlIjoxODAwMDAwMDAwMDAwLCJkZWxldGUiOjE4MDAwMDAwMDAwMDAsInJlYWQiOjMwMDAwMDAwMDAwMCwidXBkYXRlIjoxODAwMDAwMDAwMDAwfX0=",
          "dependencies": [
            "module.rg_module.azurerm_resource_group.yoong-rg",
            "module.vn_module.azurerm_virtual_network.yoong-vn"
          ]
        }
      ]
    },
    {
      "module": "module.vm_module",
      "mode": "managed",
      "type": "azurerm_linux_virtual_machine",
      "name": "yoong-vm",
      "provider": "provider[\"registry.terraform.io/hashicorp/azurerm\"]",
      "instances": [
        {
          "schema_version": 0,
          "attributes": {
            "additional_capabilities": [],
            "admin_password": null,
            "admin_ssh_key": [
              {
                "public_key": "ssh-rsa AAAAB3NzaC1yc2EAAAADAQABAAABgQDEQ3oOMJABe+so020XqNOSnV8RIqdBORwmX5LePkZmJEdp57VROBeo7H7wMqHOecrQRF+COMH07dewL0V7k1i8ZhsXy6pXAGPiMdcT0vkjLhRZQUi9cOQLd/wAXPPYjcx8bucOQVxbQTL5Dqkyg294YJSP4smA5d4q5gzwzX0jHPtgtV45ggTm6eDHieOZccUyhynm81NoH6p6n7XM+09W5aEM87LiRi6ar65D5aWjjUnyQofcdDvJOopNYGWuUFi70MbPkmFo57qiTh3VmeAE/jWH0nzAXkI1dl1MiDCHfjd8Vrloyitquof/tgUFcJlzbVNXdoHr+X8Jb5972qlRPgz+zytu8CcsiYr1MR1HCZwTHpMUA99pzqF7Ok+3NZ3sH4yYrj6wqzXkxr9EiBQ6v/tFy2kbCpW5Ky2EspkPd/CotNDCrCnk35Ahs3y19csOl0pUAvHvUXPuWeLq+tF7Mm92LieBfSfhahlLn9ViRjB8W/IFf4OCQsVb0H+ZHvM= lekha@TaiKhau\r\n",
                "username": "adminuser"
              }
            ],
            "admin_username": "adminuser",
            "allow_extension_operations": true,
            "availability_set_id": "",
            "boot_diagnostics": [],
            "computer_name": "yoong-vm",
            "custom_data": null,
            "dedicated_host_id": "",
            "disable_password_authentication": true,
            "encryption_at_host_enabled": false,
            "eviction_policy": "",
            "extensions_time_budget": "PT1H30M",
            "id": "/subscriptions/fcd473df-8b37-4378-a156-19b7221e15d4/resourceGroups/yoong-resources/providers/Microsoft.Compute/virtualMachines/yoong-vm",
            "identity": [],
            "license_type": "",
            "location": "southeastasia",
            "max_bid_price": -1,
            "name": "yoong-vm",
            "network_interface_ids": [
              "/subscriptions/fcd473df-8b37-4378-a156-19b7221e15d4/resourceGroups/yoong-resources/providers/Microsoft.Network/networkInterfaces/yoong-nic"
            ],
            "os_disk": [
              {
                "caching": "ReadWrite",
                "diff_disk_settings": [],
                "disk_encryption_set_id": "",
                "disk_size_gb": 30,
                "name": "yoong-vm_OsDisk_1_71c501056a5a4fd48f315b5418cdd0c7",
                "storage_account_type": "Standard_LRS",
                "write_accelerator_enabled": false
              }
            ],
            "patch_mode": "ImageDefault",
            "plan": [],
            "platform_fault_domain": -1,
            "priority": "Regular",
            "private_ip_address": "10.123.1.4",
            "private_ip_addresses": [
              "10.123.1.4"
            ],
            "provision_vm_agent": true,
            "proximity_placement_group_id": "",
            "public_ip_address": "4.144.196.21",
            "public_ip_addresses": [
              "4.144.196.21"
            ],
            "resource_group_name": "yoong-resources",
            "secret": [],
            "secure_boot_enabled": false,
            "size": "Standard_B1s",
            "source_image_id": "",
            "source_image_reference": [
              {
                "offer": "0001-com-ubuntu-server-jammy",
                "publisher": "Canonical",
                "sku": "22_04-lts",
                "version": "latest"
              }
            ],
            "tags": null,
            "timeouts": null,
            "user_data": "",
            "virtual_machine_id": "3b498d9f-46bd-4cad-8afd-9bf5ffad720e",
            "virtual_machine_scale_set_id": "",
            "vtpm_enabled": false,
            "zone": ""
          },
          "sensitive_attributes": [
            [
              {
                "type": "get_attr",
                "value": "admin_password"
              }
            ],
            [
              {
                "type": "get_attr",
                "value": "custom_data"
              }
            ]
          ],
          "identity_schema_version": 0,
          "private": "eyJlMmJmYjczMC1lY2FhLTExZTYtOGY4OC0zNDM2M2JjN2M0YzAiOnsiY3JlYXRlIjoyNzAwMDAwMDAwMDAwLCJkZWxldGUiOjI3MDAwMDAwMDAwMDAsInJlYWQiOjMwMDAwMDAwMDAwMCwidXBkYXRlIjoyNzAwMDAwMDAwMDAwfX0=",
          "dependencies": [
            "module.nic_module.azurerm_network_interface.yoong-nic",
            "module.pubip_module.azurerm_public_ip.yoong-ip",
            "module.rg_module.azurerm_resource_group.yoong-rg",
            "module.subnet_module.azurerm_subnet.yoong-subnet-1",
            "module.vn_module.azurerm_virtual_network.yoong-vn"
          ]
        }
      ]
    },
    {
      "module": "module.vn_module",
      "mode": "managed",
      "type": "azurerm_virtual_network",
      "name": "yoong-vn",
      "provider": "provider[\"registry.terraform.io/hashicorp/azurerm\"]",
      "instances": [
        {
          "schema_version": 0,
          "attributes": {
            "address_space": [
              "10.123.0.0/16"
            ],
            "bgp_community": "",
            "ddos_protection_plan": [],
            "dns_servers": [],
            "flow_timeout_in_minutes": 0,
            "guid": "70c41cfb-f500-4b55-9049-575bbc5ae9d1",
            "id": "/subscriptions/fcd473df-8b37-4378-a156-19b7221e15d4/resourceGroups/yoong-resources/providers/Microsoft.Network/virtualNetworks/yoong-network",
            "location": "southeastasia",
            "name": "yoong-network",
            "resource_group_name": "yoong-resources",
            "subnet": [
              {
                "address_prefix": "10.123.1.0/24",
                "id": "/subscriptions/fcd473df-8b37-4378-a156-19b7221e15d4/resourceGroups/yoong-resources/providers/Microsoft.Network/virtualNetworks/yoong-network/subnets/yoong-subnet-1",
                "name": "yoong-subnet-1",
                "security_group": "/subscriptions/fcd473df-8b37-4378-a156-19b7221e15d4/resourceGroups/yoong-resources/providers/Microsoft.Network/networkSecurityGroups/yoong-security-group"
              }
            ],
            "tags": {
              "environment": "dev"
            },
            "timeouts": null,
            "vm_protection_enabled": false
          },
          "sensitive_attributes": [],
          "identity_schema_version": 0,
          "private": "eyJlMmJmYjczMC1lY2FhLTExZTYtOGY4OC0zNDM2M2JjN2M0YzAiOnsiY3JlYXRlIjoxODAwMDAwMDAwMDAwLCJkZWxldGUiOjE4MDAwMDAwMDAwMDAsInJlYWQiOjMwMDAwMDAwMDAwMCwidXBkYXRlIjoxODAwMDAwMDAwMDAwfX0=",
          "dependencies": [
            "module.rg_module.azurerm_resource_group.yoong-rg"
          ]
        }
      ]
    }
  ],
  "check_results": null
}
